
Microsoft Visual Studio Solution File, Format Version 12.00
# Visual Studio Version 16
VisualStudioVersion = 16.0.30413.136
MinimumVisualStudioVersion = 10.0.40219.1
Project("{FAE04EC0-301F-11D3-BF4B-00C04F79EFBC}") = "ConnectedVehicles", "ConnectedVehicles\ConnectedVehicles.csproj", "{A13FB6E3-83CE-424D-A162-5167939B1FB1}"
EndProject
Global
	GlobalSection(SolutionConfigurationPlatforms) = preSolution
		Debug|Any CPU = Debug|Any CPU
		Release|Any CPU = Release|Any CPU
	EndGlobalSection
	GlobalSection(ProjectConfigurationPlatforms) = postSolution
		{A13FB6E3-83CE-424D-A162-5167939B1FB1}.Debug|Any CPU.ActiveCfg = Debug|Any CPU
		{A13FB6E3-83CE-424D-A162-5167939B1FB1}.Debug|Any CPU.Build.0 = Debug|Any CPU
		{A13FB6E3-83CE-424D-A162-5167939B1FB1}.Release|Any CPU.ActiveCfg = Release|Any CPU
		{A13FB6E3-83CE-424D-A162-5167939B1FB1}.Release|Any CPU.Build.0 = Release|Any CPU
	EndGlobalSection
	GlobalSection(SolutionProperties) = preSolution
		HideSolutionNode = FALSE
	EndGlobalSection
	GlobalSection(ExtensibilityGlobals) = postSolution
		SolutionGuid = {0690E544-1B17-432C-B805-E00CDEEC8335}
	EndGlobalSection
EndGlobal
