
Microsoft Visual Studio Solution File, Format Version 12.00
# Visual Studio Version 16
VisualStudioVersion = 16.0.30413.136
MinimumVisualStudioVersion = 10.0.40219.1
Project("{9A19103F-16F7-4668-BE54-9A1E7A4F7556}") = "VehicleStatusUpdater", "VehicleStatusUpdater\VehicleStatusUpdater.csproj", "{47049BDE-B9C4-4EAE-B713-5BA88901C2E9}"
EndProject
Project("{9A19103F-16F7-4668-BE54-9A1E7A4F7556}") = "DatabaseCreator", "DatabaseCreator\DatabaseCreator.csproj", "{94FC9ABF-C955-44A4-B6EF-002060A15450}"
EndProject
Project("{9A19103F-16F7-4668-BE54-9A1E7A4F7556}") = "VehiclesWebApp", "VehiclesWebApp\VehiclesWebApp.csproj", "{499767DA-64C5-4CF4-8154-9177B6A91B2B}"
EndProject
Project("{E53339B2-1760-4266-BCC7-CA923CBCF16C}") = "docker-compose", "docker-compose.dcproj", "{3AC7083A-20A6-4876-ABF9-3A2C0F6D4F28}"
EndProject
Global
	GlobalSection(SolutionConfigurationPlatforms) = preSolution
		Debug|Any CPU = Debug|Any CPU
		Release|Any CPU = Release|Any CPU
	EndGlobalSection
	GlobalSection(ProjectConfigurationPlatforms) = postSolution
		{47049BDE-B9C4-4EAE-B713-5BA88901C2E9}.Debug|Any CPU.ActiveCfg = Debug|Any CPU
		{47049BDE-B9C4-4EAE-B713-5BA88901C2E9}.Debug|Any CPU.Build.0 = Debug|Any CPU
		{47049BDE-B9C4-4EAE-B713-5BA88901C2E9}.Release|Any CPU.ActiveCfg = Release|Any CPU
		{47049BDE-B9C4-4EAE-B713-5BA88901C2E9}.Release|Any CPU.Build.0 = Release|Any CPU
		{94FC9ABF-C955-44A4-B6EF-002060A15450}.Debug|Any CPU.ActiveCfg = Debug|Any CPU
		{94FC9ABF-C955-44A4-B6EF-002060A15450}.Debug|Any CPU.Build.0 = Debug|Any CPU
		{94FC9ABF-C955-44A4-B6EF-002060A15450}.Release|Any CPU.ActiveCfg = Release|Any CPU
		{94FC9ABF-C955-44A4-B6EF-002060A15450}.Release|Any CPU.Build.0 = Release|Any CPU
		{499767DA-64C5-4CF4-8154-9177B6A91B2B}.Debug|Any CPU.ActiveCfg = Debug|Any CPU
		{499767DA-64C5-4CF4-8154-9177B6A91B2B}.Debug|Any CPU.Build.0 = Debug|Any CPU
		{499767DA-64C5-4CF4-8154-9177B6A91B2B}.Release|Any CPU.ActiveCfg = Release|Any CPU
		{499767DA-64C5-4CF4-8154-9177B6A91B2B}.Release|Any CPU.Build.0 = Release|Any CPU
		{3AC7083A-20A6-4876-ABF9-3A2C0F6D4F28}.Debug|Any CPU.ActiveCfg = Debug|Any CPU
		{3AC7083A-20A6-4876-ABF9-3A2C0F6D4F28}.Debug|Any CPU.Build.0 = Debug|Any CPU
		{3AC7083A-20A6-4876-ABF9-3A2C0F6D4F28}.Release|Any CPU.ActiveCfg = Release|Any CPU
		{3AC7083A-20A6-4876-ABF9-3A2C0F6D4F28}.Release|Any CPU.Build.0 = Release|Any CPU
	EndGlobalSection
	GlobalSection(SolutionProperties) = preSolution
		HideSolutionNode = FALSE
	EndGlobalSection
	GlobalSection(ExtensibilityGlobals) = postSolution
		SolutionGuid = {0690E544-1B17-432C-B805-E00CDEEC8335}
	EndGlobalSection
EndGlobal
